
Microsoft Visual Studio Solution File, Format Version 12.00
# Visual Studio Version 17
VisualStudioVersion = 17.3.32929.385
MinimumVisualStudioVersion = 10.0.40219.1
Project("{9A19103F-16F7-4668-BE54-9A1E7A4F7556}") = "Ex1", "Ex1\Ex1.csproj", "{2B536462-D8E6-4F96-B4DB-205E5BBF5FE1}"
EndProject
Project("{9A19103F-16F7-4668-BE54-9A1E7A4F7556}") = "Ex2", "Ex2\Ex2.csproj", "{3737DE83-E494-41D8-BB70-304A770FB22D}"
EndProject
Project("{9A19103F-16F7-4668-BE54-9A1E7A4F7556}") = "Ex3", "Ex3\Ex3.csproj", "{C09D0100-8DE9-49D1-A1F7-C8F75F056585}"
EndProject
Project("{9A19103F-16F7-4668-BE54-9A1E7A4F7556}") = "Ex4", "Ex4\Ex4.csproj", "{A2083BF1-1866-48D5-9831-E12EB77AF846}"
EndProject
Project("{9A19103F-16F7-4668-BE54-9A1E7A4F7556}") = "Ex5", "Ex5\Ex5.csproj", "{D2BEEC26-73E7-4ADE-9C58-B587675F6EDF}"
EndProject
Project("{FAE04EC0-301F-11D3-BF4B-00C04F79EFBC}") = "Ex6", "Ex6\Ex6.csproj", "{FAABBE81-BB41-4452-BE6D-AE3886E01597}"
EndProject
Global
	GlobalSection(SolutionConfigurationPlatforms) = preSolution
		Debug|Any CPU = Debug|Any CPU
		Release|Any CPU = Release|Any CPU
	EndGlobalSection
	GlobalSection(ProjectConfigurationPlatforms) = postSolution
		{2B536462-D8E6-4F96-B4DB-205E5BBF5FE1}.Debug|Any CPU.ActiveCfg = Debug|Any CPU
		{2B536462-D8E6-4F96-B4DB-205E5BBF5FE1}.Debug|Any CPU.Build.0 = Debug|Any CPU
		{2B536462-D8E6-4F96-B4DB-205E5BBF5FE1}.Release|Any CPU.ActiveCfg = Release|Any CPU
		{2B536462-D8E6-4F96-B4DB-205E5BBF5FE1}.Release|Any CPU.Build.0 = Release|Any CPU
		{3737DE83-E494-41D8-BB70-304A770FB22D}.Debug|Any CPU.ActiveCfg = Debug|Any CPU
		{3737DE83-E494-41D8-BB70-304A770FB22D}.Debug|Any CPU.Build.0 = Debug|Any CPU
		{3737DE83-E494-41D8-BB70-304A770FB22D}.Release|Any CPU.ActiveCfg = Release|Any CPU
		{3737DE83-E494-41D8-BB70-304A770FB22D}.Release|Any CPU.Build.0 = Release|Any CPU
		{C09D0100-8DE9-49D1-A1F7-C8F75F056585}.Debug|Any CPU.ActiveCfg = Debug|Any CPU
		{C09D0100-8DE9-49D1-A1F7-C8F75F056585}.Debug|Any CPU.Build.0 = Debug|Any CPU
		{C09D0100-8DE9-49D1-A1F7-C8F75F056585}.Release|Any CPU.ActiveCfg = Release|Any CPU
		{C09D0100-8DE9-49D1-A1F7-C8F75F056585}.Release|Any CPU.Build.0 = Release|Any CPU
		{A2083BF1-1866-48D5-9831-E12EB77AF846}.Debug|Any CPU.ActiveCfg = Debug|Any CPU
		{A2083BF1-1866-48D5-9831-E12EB77AF846}.Debug|Any CPU.Build.0 = Debug|Any CPU
		{A2083BF1-1866-48D5-9831-E12EB77AF846}.Release|Any CPU.ActiveCfg = Release|Any CPU
		{A2083BF1-1866-48D5-9831-E12EB77AF846}.Release|Any CPU.Build.0 = Release|Any CPU
		{D2BEEC26-73E7-4ADE-9C58-B587675F6EDF}.Debug|Any CPU.ActiveCfg = Debug|Any CPU
		{D2BEEC26-73E7-4ADE-9C58-B587675F6EDF}.Debug|Any CPU.Build.0 = Debug|Any CPU
		{D2BEEC26-73E7-4ADE-9C58-B587675F6EDF}.Release|Any CPU.ActiveCfg = Release|Any CPU
		{D2BEEC26-73E7-4ADE-9C58-B587675F6EDF}.Release|Any CPU.Build.0 = Release|Any CPU
		{FAABBE81-BB41-4452-BE6D-AE3886E01597}.Debug|Any CPU.ActiveCfg = Debug|Any CPU
		{FAABBE81-BB41-4452-BE6D-AE3886E01597}.Debug|Any CPU.Build.0 = Debug|Any CPU
		{FAABBE81-BB41-4452-BE6D-AE3886E01597}.Release|Any CPU.ActiveCfg = Release|Any CPU
		{FAABBE81-BB41-4452-BE6D-AE3886E01597}.Release|Any CPU.Build.0 = Release|Any CPU
	EndGlobalSection
	GlobalSection(SolutionProperties) = preSolution
		HideSolutionNode = FALSE
	EndGlobalSection
	GlobalSection(ExtensibilityGlobals) = postSolution
		SolutionGuid = {787310DA-2B9A-47D2-94E2-A2ECCA43D9BB}
	EndGlobalSection
EndGlobal
